
Microsoft Visual Studio Solution File, Format Version 12.00
# Visual Studio 15
VisualStudioVersion = 15.0.27130.2027
MinimumVisualStudioVersion = 10.0.40219.1
Project("{9A19103F-16F7-4668-BE54-9A1E7A4F7556}") = "w1c2Studio", "w1c2Studio\w1c2Studio.csproj", "{E0D31966-5FD8-41DD-8D29-96C409A7EE0A}"
EndProject
Project("{FAE04EC0-301F-11D3-BF4B-00C04F79EFBC}") = "w1c2Bonus1", "w1c2Bonus1\w1c2Bonus1.csproj", "{4F4790AE-D1CF-4FE2-9C80-8389F84418CA}"
EndProject
Project("{FAE04EC0-301F-11D3-BF4B-00C04F79EFBC}") = "w1c2Bonus2", "w1c2Bonus2\w1c2Bonus2.csproj", "{5737AB54-E8C1-4527-BE12-39180E72F8E0}"
EndProject
Global
	GlobalSection(SolutionConfigurationPlatforms) = preSolution
		Debug|Any CPU = Debug|Any CPU
		Release|Any CPU = Release|Any CPU
	EndGlobalSection
	GlobalSection(ProjectConfigurationPlatforms) = postSolution
		{E0D31966-5FD8-41DD-8D29-96C409A7EE0A}.Debug|Any CPU.ActiveCfg = Debug|Any CPU
		{E0D31966-5FD8-41DD-8D29-96C409A7EE0A}.Debug|Any CPU.Build.0 = Debug|Any CPU
		{E0D31966-5FD8-41DD-8D29-96C409A7EE0A}.Release|Any CPU.ActiveCfg = Release|Any CPU
		{E0D31966-5FD8-41DD-8D29-96C409A7EE0A}.Release|Any CPU.Build.0 = Release|Any CPU
		{4F4790AE-D1CF-4FE2-9C80-8389F84418CA}.Debug|Any CPU.ActiveCfg = Debug|Any CPU
		{4F4790AE-D1CF-4FE2-9C80-8389F84418CA}.Debug|Any CPU.Build.0 = Debug|Any CPU
		{4F4790AE-D1CF-4FE2-9C80-8389F84418CA}.Release|Any CPU.ActiveCfg = Release|Any CPU
		{4F4790AE-D1CF-4FE2-9C80-8389F84418CA}.Release|Any CPU.Build.0 = Release|Any CPU
		{5737AB54-E8C1-4527-BE12-39180E72F8E0}.Debug|Any CPU.ActiveCfg = Debug|Any CPU
		{5737AB54-E8C1-4527-BE12-39180E72F8E0}.Debug|Any CPU.Build.0 = Debug|Any CPU
		{5737AB54-E8C1-4527-BE12-39180E72F8E0}.Release|Any CPU.ActiveCfg = Release|Any CPU
		{5737AB54-E8C1-4527-BE12-39180E72F8E0}.Release|Any CPU.Build.0 = Release|Any CPU
	EndGlobalSection
	GlobalSection(SolutionProperties) = preSolution
		HideSolutionNode = FALSE
	EndGlobalSection
	GlobalSection(ExtensibilityGlobals) = postSolution
		SolutionGuid = {F1E44536-2C48-46C6-ADA2-718EE502B3F0}
	EndGlobalSection
EndGlobal
